
Microsoft Visual Studio Solution File, Format Version 12.00
# Visual Studio Version 16
VisualStudioVersion = 16.0.29025.244
MinimumVisualStudioVersion = 10.0.40219.1
Project("{FAE04EC0-301F-11D3-BF4B-00C04F79EFBC}") = "Unsplash_2.0", "Unsplash_2.0\Unsplash_2.0.csproj", "{9E0D9657-2E2B-4596-A032-D7FFEDD39452}"
EndProject
Global
	GlobalSection(SolutionConfigurationPlatforms) = preSolution
		Debug|Any CPU = Debug|Any CPU
		Release|Any CPU = Release|Any CPU
	EndGlobalSection
	GlobalSection(ProjectConfigurationPlatforms) = postSolution
		{9E0D9657-2E2B-4596-A032-D7FFEDD39452}.Debug|Any CPU.ActiveCfg = Debug|Any CPU
		{9E0D9657-2E2B-4596-A032-D7FFEDD39452}.Debug|Any CPU.Build.0 = Debug|Any CPU
		{9E0D9657-2E2B-4596-A032-D7FFEDD39452}.Release|Any CPU.ActiveCfg = Release|Any CPU
		{9E0D9657-2E2B-4596-A032-D7FFEDD39452}.Release|Any CPU.Build.0 = Release|Any CPU
	EndGlobalSection
	GlobalSection(SolutionProperties) = preSolution
		HideSolutionNode = FALSE
	EndGlobalSection
	GlobalSection(ExtensibilityGlobals) = postSolution
		SolutionGuid = {D83DA189-2D76-4296-B2E2-8618AC3BCDCC}
	EndGlobalSection
EndGlobal
